
Microsoft Visual Studio Solution File, Format Version 12.00
Project("{FAE04EC0-301F-11D3-BF4B-00C04F79EFBC}") = "AssayDatabaseAPI", "AssayDatabaseAPI\AssayDatabaseAPI.csproj", "{EB21DCB3-1F0B-44E2-83FA-1419DFCA612A}"
EndProject
Global
	GlobalSection(SolutionConfigurationPlatforms) = preSolution
		Debug|Any CPU = Debug|Any CPU
		Release|Any CPU = Release|Any CPU
	EndGlobalSection
	GlobalSection(ProjectConfigurationPlatforms) = postSolution
		{EB21DCB3-1F0B-44E2-83FA-1419DFCA612A}.Debug|Any CPU.ActiveCfg = Debug|Any CPU
		{EB21DCB3-1F0B-44E2-83FA-1419DFCA612A}.Debug|Any CPU.Build.0 = Debug|Any CPU
		{EB21DCB3-1F0B-44E2-83FA-1419DFCA612A}.Release|Any CPU.ActiveCfg = Release|Any CPU
		{EB21DCB3-1F0B-44E2-83FA-1419DFCA612A}.Release|Any CPU.Build.0 = Release|Any CPU
	EndGlobalSection
EndGlobal
